{
  "object": {
    "pins": [
      {
        "package": "SDWebImage",
        "repositoryURL": "https://github.com/SDWebImage/SDWebImage.git",
        "state": {
          "branch": null,
          "revision": "a6b6e44eadf0d39250c10a7cc0e3b91d0bdb0e94",
          "version": "5.10.4"
        }
      },
      {
        "package": "SENetworking",
        "repositoryURL": "https://github.com/kudoleh/SENetworking",
        "state": {
          "branch": null,
          "revision": "269082f42c4b0847ef6c33904822e3dbfc477311",
          "version": "1.0.7"
        }
      }
    ]
  },
  "version": 1
}
