// !$*UTF8*$!
{
	archiveVersion = 1;
	classes = {
	};
	objectVersion = 52;
	objects = {

/* Begin PBXBuildFile section */
		5035DB56260286B40033AFCF /* AppDelegate.swift in Sources */ = {isa = PBXBuildFile; fileRef = 5035DB55260286B40033AFCF /* AppDelegate.swift */; };
		5035DB5A260286B40033AFCF /* InitialViewController.swift in Sources */ = {isa = PBXBuildFile; fileRef = 5035DB59260286B40033AFCF /* InitialViewController.swift */; };
		5035DB5F260286B60033AFCF /* Assets.xcassets in Resources */ = {isa = PBXBuildFile; fileRef = 5035DB5E260286B60033AFCF /* Assets.xcassets */; };
		5035DB62260286B60033AFCF /* LaunchScreen.storyboard in Resources */ = {isa = PBXBuildFile; fileRef = 5035DB60260286B60033AFCF /* LaunchScreen.storyboard */; };
		5035DB6D260286B70033AFCF /* GameMetricsTests.swift in Sources */ = {isa = PBXBuildFile; fileRef = 5035DB6C260286B70033AFCF /* GameMetricsTests.swift */; };
		5035DB78260286B70033AFCF /* GameMetricsUITests.swift in Sources */ = {isa = PBXBuildFile; fileRef = 5035DB77260286B70033AFCF /* GameMetricsUITests.swift */; };
		5035DBBB260292B70033AFCF /* GamesViewController.swift in Sources */ = {isa = PBXBuildFile; fileRef = 5035DBBA260292B70033AFCF /* GamesViewController.swift */; };
		5035DBC3260292C90033AFCF /* FavoritesViewController.swift in Sources */ = {isa = PBXBuildFile; fileRef = 5035DBC2260292C90033AFCF /* FavoritesViewController.swift */; };
		5035DBCF26029B110033AFCF /* CacheManager.swift in Sources */ = {isa = PBXBuildFile; fileRef = 5035DBCE26029B110033AFCF /* CacheManager.swift */; };
		5035DBD72602AB720033AFCF /* DiskCache.swift in Sources */ = {isa = PBXBuildFile; fileRef = 5035DBD62602AB720033AFCF /* DiskCache.swift */; };
		5035DBDC2602AB870033AFCF /* MemoryCache.swift in Sources */ = {isa = PBXBuildFile; fileRef = 5035DBDB2602AB870033AFCF /* MemoryCache.swift */; };
		5035DBE72602AF130033AFCF /* GameCollectionViewCell.swift in Sources */ = {isa = PBXBuildFile; fileRef = 5035DBE52602AF130033AFCF /* GameCollectionViewCell.swift */; };
		5035DBE82602AF130033AFCF /* GameCollectionViewCell.xib in Resources */ = {isa = PBXBuildFile; fileRef = 5035DBE62602AF130033AFCF /* GameCollectionViewCell.xib */; };
		5035DBF72603ADA60033AFCF /* GamesViewController.xib in Resources */ = {isa = PBXBuildFile; fileRef = 5035DBF62603ADA60033AFCF /* GamesViewController.xib */; };
		5035DBFD2603B4100033AFCF /* GradientView.swift in Sources */ = {isa = PBXBuildFile; fileRef = 5035DBFC2603B4100033AFCF /* GradientView.swift */; };
		5035DC052603B5A40033AFCF /* DetailViewController.xib in Resources */ = {isa = PBXBuildFile; fileRef = 5035DC042603B5A40033AFCF /* DetailViewController.xib */; };
		5035DC0A2603B5CA0033AFCF /* DetailViewController.swift in Sources */ = {isa = PBXBuildFile; fileRef = 5035DC092603B5CA0033AFCF /* DetailViewController.swift */; };
		5035DC102603E4410033AFCF /* ViewModel.swift in Sources */ = {isa = PBXBuildFile; fileRef = 5035DC0F2603E4410033AFCF /* ViewModel.swift */; };
		5035DC192604E4C30033AFCF /* GameDetailsModel.swift in Sources */ = {isa = PBXBuildFile; fileRef = 5035DC182604E4C30033AFCF /* GameDetailsModel.swift */; };
		5035DC212604EAC60033AFCF /* GameModel.swift in Sources */ = {isa = PBXBuildFile; fileRef = 5035DC202604EAC60033AFCF /* GameModel.swift */; };
		5035DC272604F2690033AFCF /* SENetworking in Frameworks */ = {isa = PBXBuildFile; productRef = 5035DC262604F2690033AFCF /* SENetworking */; };
		5035DC2C260606B20033AFCF /* NetworkConfiguration.swift in Sources */ = {isa = PBXBuildFile; fileRef = 5035DC2B260606B20033AFCF /* NetworkConfiguration.swift */; };
		5035DC32260608C70033AFCF /* APIEndpoints.swift in Sources */ = {isa = PBXBuildFile; fileRef = 5035DC31260608C70033AFCF /* APIEndpoints.swift */; };
		5035DC3E2606343D0033AFCF /* Development.xcconfig in Resources */ = {isa = PBXBuildFile; fileRef = 5035DC3D2606343C0033AFCF /* Development.xcconfig */; };
		5035DC46260634DE0033AFCF /* Production.xcconfig in Resources */ = {isa = PBXBuildFile; fileRef = 5035DC45260634DE0033AFCF /* Production.xcconfig */; };
		5035DC4F260635050033AFCF /* Staging.xcconfig in Resources */ = {isa = PBXBuildFile; fileRef = 5035DC4E260635050033AFCF /* Staging.xcconfig */; };
		5035DC59260635890033AFCF /* Configuration.swift in Sources */ = {isa = PBXBuildFile; fileRef = 5035DC58260635890033AFCF /* Configuration.swift */; };
		5035DC82260656890033AFCF /* GamesViewModel.swift in Sources */ = {isa = PBXBuildFile; fileRef = 5035DC81260656890033AFCF /* GamesViewModel.swift */; };
		5035DC83260656890033AFCF /* GamesViewModel.swift in Sources */ = {isa = PBXBuildFile; fileRef = 5035DC81260656890033AFCF /* GamesViewModel.swift */; };
		5035DC8826065D9E0033AFCF /* GamesEndpoint.swift in Sources */ = {isa = PBXBuildFile; fileRef = 5035DC8726065D9E0033AFCF /* GamesEndpoint.swift */; };
		5035DC8926065D9E0033AFCF /* GamesEndpoint.swift in Sources */ = {isa = PBXBuildFile; fileRef = 5035DC8726065D9E0033AFCF /* GamesEndpoint.swift */; };
		5035DC8E26065DAD0033AFCF /* GameDetailsEndpoint.swift in Sources */ = {isa = PBXBuildFile; fileRef = 5035DC8D26065DAD0033AFCF /* GameDetailsEndpoint.swift */; };
		5035DC8F26065DAD0033AFCF /* GameDetailsEndpoint.swift in Sources */ = {isa = PBXBuildFile; fileRef = 5035DC8D26065DAD0033AFCF /* GameDetailsEndpoint.swift */; };
		5035DC9426065DCC0033AFCF /* SearchGamesEndpoint.swift in Sources */ = {isa = PBXBuildFile; fileRef = 5035DC9326065DCC0033AFCF /* SearchGamesEndpoint.swift */; };
		5035DC9526065DCC0033AFCF /* SearchGamesEndpoint.swift in Sources */ = {isa = PBXBuildFile; fileRef = 5035DC9326065DCC0033AFCF /* SearchGamesEndpoint.swift */; };
		5035DC9A26065E6A0033AFCF /* APIEndpoints.swift in Sources */ = {isa = PBXBuildFile; fileRef = 5035DC31260608C70033AFCF /* APIEndpoints.swift */; };
		5035DCA126065F880033AFCF /* GameModel.swift in Sources */ = {isa = PBXBuildFile; fileRef = 5035DC202604EAC60033AFCF /* GameModel.swift */; };
		5035DCA226065F880033AFCF /* GameDetailsModel.swift in Sources */ = {isa = PBXBuildFile; fileRef = 5035DC182604E4C30033AFCF /* GameDetailsModel.swift */; };
		5035DCAB26066C6A0033AFCF /* GamesCollectionView.swift in Sources */ = {isa = PBXBuildFile; fileRef = 5035DCAA26066C6A0033AFCF /* GamesCollectionView.swift */; };
		5035DCC52607A2220033AFCF /* Image.swift in Sources */ = {isa = PBXBuildFile; fileRef = 5035DCC42607A2220033AFCF /* Image.swift */; };
		5035DCCA2607A2CC0033AFCF /* GameCellViewModel.swift in Sources */ = {isa = PBXBuildFile; fileRef = 5035DCC92607A2CC0033AFCF /* GameCellViewModel.swift */; };
		5035DCCF2607B0640033AFCF /* Notifications.swift in Sources */ = {isa = PBXBuildFile; fileRef = 5035DCCE2607B0640033AFCF /* Notifications.swift */; };
		5035DCD52607B5890033AFCF /* LoadingMoreCollectionViewCell.swift in Sources */ = {isa = PBXBuildFile; fileRef = 5035DCD32607B5890033AFCF /* LoadingMoreCollectionViewCell.swift */; };
		5035DCD62607B5890033AFCF /* LoadingMoreCollectionViewCell.xib in Resources */ = {isa = PBXBuildFile; fileRef = 5035DCD42607B5890033AFCF /* LoadingMoreCollectionViewCell.xib */; };
/* End PBXBuildFile section */

/* Begin PBXContainerItemProxy section */
		5035DB69260286B70033AFCF /* PBXContainerItemProxy */ = {
			isa = PBXContainerItemProxy;
			containerPortal = 5035DB4A260286B40033AFCF /* Project object */;
			proxyType = 1;
			remoteGlobalIDString = 5035DB51260286B40033AFCF;
			remoteInfo = GameMetrics;
		};
		5035DB74260286B70033AFCF /* PBXContainerItemProxy */ = {
			isa = PBXContainerItemProxy;
			containerPortal = 5035DB4A260286B40033AFCF /* Project object */;
			proxyType = 1;
			remoteGlobalIDString = 5035DB51260286B40033AFCF;
			remoteInfo = GameMetrics;
		};
/* End PBXContainerItemProxy section */

/* Begin PBXFileReference section */
		5035DB52260286B40033AFCF /* GameMetrics.app */ = {isa = PBXFileReference; explicitFileType = wrapper.application; includeInIndex = 0; path = GameMetrics.app; sourceTree = BUILT_PRODUCTS_DIR; };
		5035DB55260286B40033AFCF /* AppDelegate.swift */ = {isa = PBXFileReference; lastKnownFileType = sourcecode.swift; path = AppDelegate.swift; sourceTree = "<group>"; };
		5035DB59260286B40033AFCF /* InitialViewController.swift */ = {isa = PBXFileReference; lastKnownFileType = sourcecode.swift; path = InitialViewController.swift; sourceTree = "<group>"; };
		5035DB5E260286B60033AFCF /* Assets.xcassets */ = {isa = PBXFileReference; lastKnownFileType = folder.assetcatalog; path = Assets.xcassets; sourceTree = "<group>"; };
		5035DB61260286B60033AFCF /* Base */ = {isa = PBXFileReference; lastKnownFileType = file.storyboard; name = Base; path = Base.lproj/LaunchScreen.storyboard; sourceTree = "<group>"; };
		5035DB63260286B60033AFCF /* Info.plist */ = {isa = PBXFileReference; lastKnownFileType = text.plist.xml; path = Info.plist; sourceTree = "<group>"; };
		5035DB68260286B70033AFCF /* GameMetricsTests.xctest */ = {isa = PBXFileReference; explicitFileType = wrapper.cfbundle; includeInIndex = 0; path = GameMetricsTests.xctest; sourceTree = BUILT_PRODUCTS_DIR; };
		5035DB6C260286B70033AFCF /* GameMetricsTests.swift */ = {isa = PBXFileReference; lastKnownFileType = sourcecode.swift; path = GameMetricsTests.swift; sourceTree = "<group>"; };
		5035DB6E260286B70033AFCF /* Info.plist */ = {isa = PBXFileReference; lastKnownFileType = text.plist.xml; path = Info.plist; sourceTree = "<group>"; };
		5035DB73260286B70033AFCF /* GameMetricsUITests.xctest */ = {isa = PBXFileReference; explicitFileType = wrapper.cfbundle; includeInIndex = 0; path = GameMetricsUITests.xctest; sourceTree = BUILT_PRODUCTS_DIR; };
		5035DB77260286B70033AFCF /* GameMetricsUITests.swift */ = {isa = PBXFileReference; lastKnownFileType = sourcecode.swift; path = GameMetricsUITests.swift; sourceTree = "<group>"; };
		5035DB79260286B70033AFCF /* Info.plist */ = {isa = PBXFileReference; lastKnownFileType = text.plist.xml; path = Info.plist; sourceTree = "<group>"; };
		5035DBBA260292B70033AFCF /* GamesViewController.swift */ = {isa = PBXFileReference; lastKnownFileType = sourcecode.swift; path = GamesViewController.swift; sourceTree = "<group>"; };
		5035DBC2260292C90033AFCF /* FavoritesViewController.swift */ = {isa = PBXFileReference; lastKnownFileType = sourcecode.swift; path = FavoritesViewController.swift; sourceTree = "<group>"; };
		5035DBCE26029B110033AFCF /* CacheManager.swift */ = {isa = PBXFileReference; lastKnownFileType = sourcecode.swift; path = CacheManager.swift; sourceTree = "<group>"; };
		5035DBD62602AB720033AFCF /* DiskCache.swift */ = {isa = PBXFileReference; lastKnownFileType = sourcecode.swift; path = DiskCache.swift; sourceTree = "<group>"; };
		5035DBDB2602AB870033AFCF /* MemoryCache.swift */ = {isa = PBXFileReference; lastKnownFileType = sourcecode.swift; path = MemoryCache.swift; sourceTree = "<group>"; };
		5035DBE52602AF130033AFCF /* GameCollectionViewCell.swift */ = {isa = PBXFileReference; lastKnownFileType = sourcecode.swift; path = GameCollectionViewCell.swift; sourceTree = "<group>"; };
		5035DBE62602AF130033AFCF /* GameCollectionViewCell.xib */ = {isa = PBXFileReference; lastKnownFileType = file.xib; path = GameCollectionViewCell.xib; sourceTree = "<group>"; };
		5035DBF62603ADA60033AFCF /* GamesViewController.xib */ = {isa = PBXFileReference; lastKnownFileType = file.xib; path = GamesViewController.xib; sourceTree = "<group>"; };
		5035DBFC2603B4100033AFCF /* GradientView.swift */ = {isa = PBXFileReference; lastKnownFileType = sourcecode.swift; path = GradientView.swift; sourceTree = "<group>"; };
		5035DC042603B5A40033AFCF /* DetailViewController.xib */ = {isa = PBXFileReference; lastKnownFileType = file.xib; path = DetailViewController.xib; sourceTree = "<group>"; };
		5035DC092603B5CA0033AFCF /* DetailViewController.swift */ = {isa = PBXFileReference; lastKnownFileType = sourcecode.swift; path = DetailViewController.swift; sourceTree = "<group>"; };
		5035DC0F2603E4410033AFCF /* ViewModel.swift */ = {isa = PBXFileReference; lastKnownFileType = sourcecode.swift; path = ViewModel.swift; sourceTree = "<group>"; };
		5035DC182604E4C30033AFCF /* GameDetailsModel.swift */ = {isa = PBXFileReference; lastKnownFileType = sourcecode.swift; path = GameDetailsModel.swift; sourceTree = "<group>"; };
		5035DC202604EAC60033AFCF /* GameModel.swift */ = {isa = PBXFileReference; lastKnownFileType = sourcecode.swift; path = GameModel.swift; sourceTree = "<group>"; };
		5035DC2B260606B20033AFCF /* NetworkConfiguration.swift */ = {isa = PBXFileReference; lastKnownFileType = sourcecode.swift; path = NetworkConfiguration.swift; sourceTree = "<group>"; };
		5035DC31260608C70033AFCF /* APIEndpoints.swift */ = {isa = PBXFileReference; lastKnownFileType = sourcecode.swift; path = APIEndpoints.swift; sourceTree = "<group>"; };
		5035DC3D2606343C0033AFCF /* Development.xcconfig */ = {isa = PBXFileReference; lastKnownFileType = text.xcconfig; path = Development.xcconfig; sourceTree = "<group>"; };
		5035DC45260634DE0033AFCF /* Production.xcconfig */ = {isa = PBXFileReference; lastKnownFileType = text.xcconfig; path = Production.xcconfig; sourceTree = "<group>"; };
		5035DC4E260635050033AFCF /* Staging.xcconfig */ = {isa = PBXFileReference; lastKnownFileType = text.xcconfig; path = Staging.xcconfig; sourceTree = "<group>"; };
		5035DC58260635890033AFCF /* Configuration.swift */ = {isa = PBXFileReference; lastKnownFileType = sourcecode.swift; path = Configuration.swift; sourceTree = "<group>"; };
		5035DC81260656890033AFCF /* GamesViewModel.swift */ = {isa = PBXFileReference; lastKnownFileType = sourcecode.swift; path = GamesViewModel.swift; sourceTree = "<group>"; };
		5035DC8726065D9E0033AFCF /* GamesEndpoint.swift */ = {isa = PBXFileReference; lastKnownFileType = sourcecode.swift; path = GamesEndpoint.swift; sourceTree = "<group>"; };
		5035DC8D26065DAD0033AFCF /* GameDetailsEndpoint.swift */ = {isa = PBXFileReference; lastKnownFileType = sourcecode.swift; path = GameDetailsEndpoint.swift; sourceTree = "<group>"; };
		5035DC9326065DCC0033AFCF /* SearchGamesEndpoint.swift */ = {isa = PBXFileReference; lastKnownFileType = sourcecode.swift; path = SearchGamesEndpoint.swift; sourceTree = "<group>"; };
		5035DCAA26066C6A0033AFCF /* GamesCollectionView.swift */ = {isa = PBXFileReference; lastKnownFileType = sourcecode.swift; path = GamesCollectionView.swift; sourceTree = "<group>"; };
		5035DCC42607A2220033AFCF /* Image.swift */ = {isa = PBXFileReference; lastKnownFileType = sourcecode.swift; path = Image.swift; sourceTree = "<group>"; };
		5035DCC92607A2CC0033AFCF /* GameCellViewModel.swift */ = {isa = PBXFileReference; lastKnownFileType = sourcecode.swift; path = GameCellViewModel.swift; sourceTree = "<group>"; };
		5035DCCE2607B0640033AFCF /* Notifications.swift */ = {isa = PBXFileReference; lastKnownFileType = sourcecode.swift; path = Notifications.swift; sourceTree = "<group>"; };
		5035DCD32607B5890033AFCF /* LoadingMoreCollectionViewCell.swift */ = {isa = PBXFileReference; lastKnownFileType = sourcecode.swift; path = LoadingMoreCollectionViewCell.swift; sourceTree = "<group>"; };
		5035DCD42607B5890033AFCF /* LoadingMoreCollectionViewCell.xib */ = {isa = PBXFileReference; lastKnownFileType = file.xib; path = LoadingMoreCollectionViewCell.xib; sourceTree = "<group>"; };
/* End PBXFileReference section */

/* Begin PBXFrameworksBuildPhase section */
		5035DB4F260286B40033AFCF /* Frameworks */ = {
			isa = PBXFrameworksBuildPhase;
			buildActionMask = 2147483647;
			files = (
				5035DC272604F2690033AFCF /* SENetworking in Frameworks */,
			);
			runOnlyForDeploymentPostprocessing = 0;
		};
		5035DB65260286B70033AFCF /* Frameworks */ = {
			isa = PBXFrameworksBuildPhase;
			buildActionMask = 2147483647;
			files = (
			);
			runOnlyForDeploymentPostprocessing = 0;
		};
		5035DB70260286B70033AFCF /* Frameworks */ = {
			isa = PBXFrameworksBuildPhase;
			buildActionMask = 2147483647;
			files = (
			);
			runOnlyForDeploymentPostprocessing = 0;
		};
/* End PBXFrameworksBuildPhase section */

/* Begin PBXGroup section */
		5035DB49260286B40033AFCF = {
			isa = PBXGroup;
			children = (
				5035DB54260286B40033AFCF /* GameMetrics */,
				5035DB6B260286B70033AFCF /* GameMetricsTests */,
				5035DB76260286B70033AFCF /* GameMetricsUITests */,
				5035DB53260286B40033AFCF /* Products */,
			);
			sourceTree = "<group>";
		};
		5035DB53260286B40033AFCF /* Products */ = {
			isa = PBXGroup;
			children = (
				5035DB52260286B40033AFCF /* GameMetrics.app */,
				5035DB68260286B70033AFCF /* GameMetricsTests.xctest */,
				5035DB73260286B70033AFCF /* GameMetricsUITests.xctest */,
			);
			name = Products;
			sourceTree = "<group>";
		};
		5035DB54260286B40033AFCF /* GameMetrics */ = {
			isa = PBXGroup;
			children = (
				5035DC3C260633AB0033AFCF /* Environment */,
				5035DBEF2602B7A90033AFCF /* Extenstions */,
				5035DBCB260295170033AFCF /* Services */,
				5035DBCA260294C00033AFCF /* Shared */,
				5035DB9A260290600033AFCF /* ViewControllers */,
				5035DB9626028FD10033AFCF /* App */,
				5035DB5E260286B60033AFCF /* Assets.xcassets */,
				5035DB60260286B60033AFCF /* LaunchScreen.storyboard */,
				5035DB63260286B60033AFCF /* Info.plist */,
			);
			path = GameMetrics;
			sourceTree = "<group>";
		};
		5035DB6B260286B70033AFCF /* GameMetricsTests */ = {
			isa = PBXGroup;
			children = (
				5035DB6C260286B70033AFCF /* GameMetricsTests.swift */,
				5035DB6E260286B70033AFCF /* Info.plist */,
			);
			path = GameMetricsTests;
			sourceTree = "<group>";
		};
		5035DB76260286B70033AFCF /* GameMetricsUITests */ = {
			isa = PBXGroup;
			children = (
				5035DB77260286B70033AFCF /* GameMetricsUITests.swift */,
				5035DB79260286B70033AFCF /* Info.plist */,
			);
			path = GameMetricsUITests;
			sourceTree = "<group>";
		};
		5035DB9626028FD10033AFCF /* App */ = {
			isa = PBXGroup;
			children = (
				5035DB55260286B40033AFCF /* AppDelegate.swift */,
			);
			path = App;
			sourceTree = "<group>";
		};
		5035DB9A260290600033AFCF /* ViewControllers */ = {
			isa = PBXGroup;
			children = (
				5035DBAB2602911C0033AFCF /* Games */,
				5035DC772606554A0033AFCF /* Search */,
				5035DBAD260291390033AFCF /* Details */,
				5035DBAC260291290033AFCF /* Favorites */,
				5035DBAA260291120033AFCF /* Initial */,
			);
			path = ViewControllers;
			sourceTree = "<group>";
		};
		5035DBAA260291120033AFCF /* Initial */ = {
			isa = PBXGroup;
			children = (
				5035DB59260286B40033AFCF /* InitialViewController.swift */,
			);
			path = Initial;
			sourceTree = "<group>";
		};
		5035DBAB2602911C0033AFCF /* Games */ = {
			isa = PBXGroup;
			children = (
				5035DBB9260291730033AFCF /* ViewModel */,
				5035DBB7260291730033AFCF /* View */,
				5035DBB8260291730033AFCF /* ViewController */,
			);
			path = Games;
			sourceTree = "<group>";
		};
		5035DBAC260291290033AFCF /* Favorites */ = {
			isa = PBXGroup;
			children = (
				5035DBB4260291710033AFCF /* ViewModel */,
				5035DBB5260291710033AFCF /* View */,
				5035DBB6260291710033AFCF /* ViewController */,
			);
			path = Favorites;
			sourceTree = "<group>";
		};
		5035DBAD260291390033AFCF /* Details */ = {
			isa = PBXGroup;
			children = (
				5035DBB3260291670033AFCF /* ViewModel */,
				5035DBAF260291590033AFCF /* View */,
				5035DBAE260291500033AFCF /* ViewController */,
			);
			path = Details;
			sourceTree = "<group>";
		};
		5035DBAE260291500033AFCF /* ViewController */ = {
			isa = PBXGroup;
			children = (
				5035DC092603B5CA0033AFCF /* DetailViewController.swift */,
			);
			path = ViewController;
			sourceTree = "<group>";
		};
		5035DBAF260291590033AFCF /* View */ = {
			isa = PBXGroup;
			children = (
				5035DC042603B5A40033AFCF /* DetailViewController.xib */,
			);
			path = View;
			sourceTree = "<group>";
		};
		5035DBB3260291670033AFCF /* ViewModel */ = {
			isa = PBXGroup;
			children = (
			);
			path = ViewModel;
			sourceTree = "<group>";
		};
		5035DBB4260291710033AFCF /* ViewModel */ = {
			isa = PBXGroup;
			children = (
			);
			path = ViewModel;
			sourceTree = "<group>";
		};
		5035DBB5260291710033AFCF /* View */ = {
			isa = PBXGroup;
			children = (
			);
			path = View;
			sourceTree = "<group>";
		};
		5035DBB6260291710033AFCF /* ViewController */ = {
			isa = PBXGroup;
			children = (
				5035DBC2260292C90033AFCF /* FavoritesViewController.swift */,
			);
			path = ViewController;
			sourceTree = "<group>";
		};
		5035DBB7260291730033AFCF /* View */ = {
			isa = PBXGroup;
			children = (
				5035DCA926066C3D0033AFCF /* GamesCollectionView */,
				5035DBF62603ADA60033AFCF /* GamesViewController.xib */,
			);
			path = View;
			sourceTree = "<group>";
		};
		5035DBB8260291730033AFCF /* ViewController */ = {
			isa = PBXGroup;
			children = (
				5035DBBA260292B70033AFCF /* GamesViewController.swift */,
			);
			path = ViewController;
			sourceTree = "<group>";
		};
		5035DBB9260291730033AFCF /* ViewModel */ = {
			isa = PBXGroup;
			children = (
				5035DC81260656890033AFCF /* GamesViewModel.swift */,
				5035DCC92607A2CC0033AFCF /* GameCellViewModel.swift */,
			);
			path = ViewModel;
			sourceTree = "<group>";
		};
		5035DBCA260294C00033AFCF /* Shared */ = {
			isa = PBXGroup;
			children = (
				5035DC172604E25F0033AFCF /* Models */,
				5035DC0E2603D9360033AFCF /* MVVM */,
				5035DBFB2603B3F20033AFCF /* CustomViews */,
				5035DBE42602ADFE0033AFCF /* Cells */,
			);
			path = Shared;
			sourceTree = "<group>";
		};
		5035DBCB260295170033AFCF /* Services */ = {
			isa = PBXGroup;
			children = (
				5035DBCD260295E00033AFCF /* Cache */,
				5035DBCC2602951D0033AFCF /* Network */,
			);
			path = Services;
			sourceTree = "<group>";
		};
		5035DBCC2602951D0033AFCF /* Network */ = {
			isa = PBXGroup;
			children = (
				5035DC2B260606B20033AFCF /* NetworkConfiguration.swift */,
				5035DC9926065E520033AFCF /* Endpoints */,
			);
			path = Network;
			sourceTree = "<group>";
		};
		5035DBCD260295E00033AFCF /* Cache */ = {
			isa = PBXGroup;
			children = (
				5035DBE02602AC770033AFCF /* Handlers */,
				5035DBCE26029B110033AFCF /* CacheManager.swift */,
			);
			path = Cache;
			sourceTree = "<group>";
		};
		5035DBE02602AC770033AFCF /* Handlers */ = {
			isa = PBXGroup;
			children = (
				5035DBD62602AB720033AFCF /* DiskCache.swift */,
				5035DBDB2602AB870033AFCF /* MemoryCache.swift */,
			);
			path = Handlers;
			sourceTree = "<group>";
		};
		5035DBE42602ADFE0033AFCF /* Cells */ = {
			isa = PBXGroup;
			children = (
				5035DCDB2607B59A0033AFCF /* GameCollectionViewCell */,
				5035DCDA2607B58F0033AFCF /* LoadingMoreCollectionViewCell */,
			);
			path = Cells;
			sourceTree = "<group>";
		};
		5035DBEF2602B7A90033AFCF /* Extenstions */ = {
			isa = PBXGroup;
			children = (
				5035DCC42607A2220033AFCF /* Image.swift */,
				5035DCCE2607B0640033AFCF /* Notifications.swift */,
			);
			path = Extenstions;
			sourceTree = "<group>";
		};
		5035DBFB2603B3F20033AFCF /* CustomViews */ = {
			isa = PBXGroup;
			children = (
				5035DBFC2603B4100033AFCF /* GradientView.swift */,
			);
			path = CustomViews;
			sourceTree = "<group>";
		};
		5035DC0E2603D9360033AFCF /* MVVM */ = {
			isa = PBXGroup;
			children = (
				5035DC0F2603E4410033AFCF /* ViewModel.swift */,
			);
			path = MVVM;
			sourceTree = "<group>";
		};
		5035DC172604E25F0033AFCF /* Models */ = {
			isa = PBXGroup;
			children = (
				5035DC182604E4C30033AFCF /* GameDetailsModel.swift */,
				5035DC202604EAC60033AFCF /* GameModel.swift */,
			);
			path = Models;
			sourceTree = "<group>";
		};
		5035DC3C260633AB0033AFCF /* Environment */ = {
			isa = PBXGroup;
			children = (
				5035DC3D2606343C0033AFCF /* Development.xcconfig */,
				5035DC45260634DE0033AFCF /* Production.xcconfig */,
				5035DC4E260635050033AFCF /* Staging.xcconfig */,
				5035DC58260635890033AFCF /* Configuration.swift */,
			);
			path = Environment;
			sourceTree = "<group>";
		};
		5035DC772606554A0033AFCF /* Search */ = {
			isa = PBXGroup;
			children = (
			);
			path = Search;
			sourceTree = "<group>";
		};
		5035DC9926065E520033AFCF /* Endpoints */ = {
			isa = PBXGroup;
			children = (
				5035DC31260608C70033AFCF /* APIEndpoints.swift */,
				5035DC8726065D9E0033AFCF /* GamesEndpoint.swift */,
				5035DC9326065DCC0033AFCF /* SearchGamesEndpoint.swift */,
				5035DC8D26065DAD0033AFCF /* GameDetailsEndpoint.swift */,
			);
			path = Endpoints;
			sourceTree = "<group>";
		};
		5035DCA926066C3D0033AFCF /* GamesCollectionView */ = {
			isa = PBXGroup;
			children = (
				5035DCAA26066C6A0033AFCF /* GamesCollectionView.swift */,
			);
			path = GamesCollectionView;
			sourceTree = "<group>";
		};
		5035DCDA2607B58F0033AFCF /* LoadingMoreCollectionViewCell */ = {
			isa = PBXGroup;
			children = (
				5035DCD42607B5890033AFCF /* LoadingMoreCollectionViewCell.xib */,
				5035DCD32607B5890033AFCF /* LoadingMoreCollectionViewCell.swift */,
			);
			path = LoadingMoreCollectionViewCell;
			sourceTree = "<group>";
		};
		5035DCDB2607B59A0033AFCF /* GameCollectionViewCell */ = {
			isa = PBXGroup;
			children = (
				5035DBE62602AF130033AFCF /* GameCollectionViewCell.xib */,
				5035DBE52602AF130033AFCF /* GameCollectionViewCell.swift */,
			);
			path = GameCollectionViewCell;
			sourceTree = "<group>";
		};
/* End PBXGroup section */

/* Begin PBXNativeTarget section */
		5035DB51260286B40033AFCF /* GameMetrics */ = {
			isa = PBXNativeTarget;
			buildConfigurationList = 5035DB7C260286B70033AFCF /* Build configuration list for PBXNativeTarget "GameMetrics" */;
			buildPhases = (
				5035DB4E260286B40033AFCF /* Sources */,
				5035DB4F260286B40033AFCF /* Frameworks */,
				5035DB50260286B40033AFCF /* Resources */,
			);
			buildRules = (
			);
			dependencies = (
			);
			name = GameMetrics;
			packageProductDependencies = (
				5035DC262604F2690033AFCF /* SENetworking */,
			);
			productName = GameMetrics;
			productReference = 5035DB52260286B40033AFCF /* GameMetrics.app */;
			productType = "com.apple.product-type.application";
		};
		5035DB67260286B70033AFCF /* GameMetricsTests */ = {
			isa = PBXNativeTarget;
			buildConfigurationList = 5035DB7F260286B70033AFCF /* Build configuration list for PBXNativeTarget "GameMetricsTests" */;
			buildPhases = (
				5035DB64260286B70033AFCF /* Sources */,
				5035DB65260286B70033AFCF /* Frameworks */,
				5035DB66260286B70033AFCF /* Resources */,
			);
			buildRules = (
			);
			dependencies = (
				5035DB6A260286B70033AFCF /* PBXTargetDependency */,
			);
			name = GameMetricsTests;
			productName = GameMetricsTests;
			productReference = 5035DB68260286B70033AFCF /* GameMetricsTests.xctest */;
			productType = "com.apple.product-type.bundle.unit-test";
		};
		5035DB72260286B70033AFCF /* GameMetricsUITests */ = {
			isa = PBXNativeTarget;
			buildConfigurationList = 5035DB82260286B70033AFCF /* Build configuration list for PBXNativeTarget "GameMetricsUITests" */;
			buildPhases = (
				5035DB6F260286B70033AFCF /* Sources */,
				5035DB70260286B70033AFCF /* Frameworks */,
				5035DB71260286B70033AFCF /* Resources */,
			);
			buildRules = (
			);
			dependencies = (
				5035DB75260286B70033AFCF /* PBXTargetDependency */,
			);
			name = GameMetricsUITests;
			productName = GameMetricsUITests;
			productReference = 5035DB73260286B70033AFCF /* GameMetricsUITests.xctest */;
			productType = "com.apple.product-type.bundle.ui-testing";
		};
/* End PBXNativeTarget section */

/* Begin PBXProject section */
		5035DB4A260286B40033AFCF /* Project object */ = {
			isa = PBXProject;
			attributes = {
				LastSwiftUpdateCheck = 1240;
				LastUpgradeCheck = 1240;
				TargetAttributes = {
					5035DB51260286B40033AFCF = {
						CreatedOnToolsVersion = 12.4;
					};
					5035DB67260286B70033AFCF = {
						CreatedOnToolsVersion = 12.4;
						TestTargetID = 5035DB51260286B40033AFCF;
					};
					5035DB72260286B70033AFCF = {
						CreatedOnToolsVersion = 12.4;
						TestTargetID = 5035DB51260286B40033AFCF;
					};
				};
			};
			buildConfigurationList = 5035DB4D260286B40033AFCF /* Build configuration list for PBXProject "GameMetrics" */;
			compatibilityVersion = "Xcode 9.3";
			developmentRegion = en;
			hasScannedForEncodings = 0;
			knownRegions = (
				en,
				Base,
			);
			mainGroup = 5035DB49260286B40033AFCF;
			packageReferences = (
				5035DC252604F2690033AFCF /* XCRemoteSwiftPackageReference "SENetworking" */,
			);
			productRefGroup = 5035DB53260286B40033AFCF /* Products */;
			projectDirPath = "";
			projectRoot = "";
			targets = (
				5035DB51260286B40033AFCF /* GameMetrics */,
				5035DB67260286B70033AFCF /* GameMetricsTests */,
				5035DB72260286B70033AFCF /* GameMetricsUITests */,
			);
		};
/* End PBXProject section */

/* Begin PBXResourcesBuildPhase section */
		5035DB50260286B40033AFCF /* Resources */ = {
			isa = PBXResourcesBuildPhase;
			buildActionMask = 2147483647;
			files = (
				5035DBF72603ADA60033AFCF /* GamesViewController.xib in Resources */,
				5035DB62260286B60033AFCF /* LaunchScreen.storyboard in Resources */,
				5035DC46260634DE0033AFCF /* Production.xcconfig in Resources */,
				5035DC052603B5A40033AFCF /* DetailViewController.xib in Resources */,
				5035DCD62607B5890033AFCF /* LoadingMoreCollectionViewCell.xib in Resources */,
				5035DC4F260635050033AFCF /* Staging.xcconfig in Resources */,
				5035DB5F260286B60033AFCF /* Assets.xcassets in Resources */,
				5035DC3E2606343D0033AFCF /* Development.xcconfig in Resources */,
				5035DBE82602AF130033AFCF /* GameCollectionViewCell.xib in Resources */,
			);
			runOnlyForDeploymentPostprocessing = 0;
		};
		5035DB66260286B70033AFCF /* Resources */ = {
			isa = PBXResourcesBuildPhase;
			buildActionMask = 2147483647;
			files = (
			);
			runOnlyForDeploymentPostprocessing = 0;
		};
		5035DB71260286B70033AFCF /* Resources */ = {
			isa = PBXResourcesBuildPhase;
			buildActionMask = 2147483647;
			files = (
			);
			runOnlyForDeploymentPostprocessing = 0;
		};
/* End PBXResourcesBuildPhase section */

/* Begin PBXSourcesBuildPhase section */
		5035DB4E260286B40033AFCF /* Sources */ = {
			isa = PBXSourcesBuildPhase;
			buildActionMask = 2147483647;
			files = (
				5035DCCF2607B0640033AFCF /* Notifications.swift in Sources */,
				5035DC8826065D9E0033AFCF /* GamesEndpoint.swift in Sources */,
				5035DCCA2607A2CC0033AFCF /* GameCellViewModel.swift in Sources */,
				5035DBE72602AF130033AFCF /* GameCollectionViewCell.swift in Sources */,
				5035DC32260608C70033AFCF /* APIEndpoints.swift in Sources */,
				5035DC82260656890033AFCF /* GamesViewModel.swift in Sources */,
				5035DB5A260286B40033AFCF /* InitialViewController.swift in Sources */,
				5035DC192604E4C30033AFCF /* GameDetailsModel.swift in Sources */,
				5035DCAB26066C6A0033AFCF /* GamesCollectionView.swift in Sources */,
				5035DBCF26029B110033AFCF /* CacheManager.swift in Sources */,
				5035DC102603E4410033AFCF /* ViewModel.swift in Sources */,
				5035DCC52607A2220033AFCF /* Image.swift in Sources */,
				5035DC59260635890033AFCF /* Configuration.swift in Sources */,
				5035DBBB260292B70033AFCF /* GamesViewController.swift in Sources */,
				5035DBC3260292C90033AFCF /* FavoritesViewController.swift in Sources */,
				5035DBDC2602AB870033AFCF /* MemoryCache.swift in Sources */,
				5035DCD52607B5890033AFCF /* LoadingMoreCollectionViewCell.swift in Sources */,
				5035DB56260286B40033AFCF /* AppDelegate.swift in Sources */,
				5035DC0A2603B5CA0033AFCF /* DetailViewController.swift in Sources */,
				5035DBD72602AB720033AFCF /* DiskCache.swift in Sources */,
				5035DC2C260606B20033AFCF /* NetworkConfiguration.swift in Sources */,
				5035DC8E26065DAD0033AFCF /* GameDetailsEndpoint.swift in Sources */,
				5035DC212604EAC60033AFCF /* GameModel.swift in Sources */,
				5035DBFD2603B4100033AFCF /* GradientView.swift in Sources */,
				5035DC9426065DCC0033AFCF /* SearchGamesEndpoint.swift in Sources */,
			);
			runOnlyForDeploymentPostprocessing = 0;
		};
		5035DB64260286B70033AFCF /* Sources */ = {
			isa = PBXSourcesBuildPhase;
			buildActionMask = 2147483647;
			files = (
				5035DC8926065D9E0033AFCF /* GamesEndpoint.swift in Sources */,
				5035DC9A26065E6A0033AFCF /* APIEndpoints.swift in Sources */,
				5035DB6D260286B70033AFCF /* GameMetricsTests.swift in Sources */,
				5035DC9526065DCC0033AFCF /* SearchGamesEndpoint.swift in Sources */,
				5035DC8F26065DAD0033AFCF /* GameDetailsEndpoint.swift in Sources */,
				5035DCA126065F880033AFCF /* GameModel.swift in Sources */,
				5035DC83260656890033AFCF /* GamesViewModel.swift in Sources */,
				5035DCA226065F880033AFCF /* GameDetailsModel.swift in Sources */,
			);
			runOnlyForDeploymentPostprocessing = 0;
		};
		5035DB6F260286B70033AFCF /* Sources */ = {
			isa = PBXSourcesBuildPhase;
			buildActionMask = 2147483647;
			files = (
				5035DB78260286B70033AFCF /* GameMetricsUITests.swift in Sources */,
			);
			runOnlyForDeploymentPostprocessing = 0;
		};
/* End PBXSourcesBuildPhase section */

/* Begin PBXTargetDependency section */
		5035DB6A260286B70033AFCF /* PBXTargetDependency */ = {
			isa = PBXTargetDependency;
			target = 5035DB51260286B40033AFCF /* GameMetrics */;
			targetProxy = 5035DB69260286B70033AFCF /* PBXContainerItemProxy */;
		};
		5035DB75260286B70033AFCF /* PBXTargetDependency */ = {
			isa = PBXTargetDependency;
			target = 5035DB51260286B40033AFCF /* GameMetrics */;
			targetProxy = 5035DB74260286B70033AFCF /* PBXContainerItemProxy */;
		};
/* End PBXTargetDependency section */

/* Begin PBXVariantGroup section */
		5035DB60260286B60033AFCF /* LaunchScreen.storyboard */ = {
			isa = PBXVariantGroup;
			children = (
				5035DB61260286B60033AFCF /* Base */,
			);
			name = LaunchScreen.storyboard;
			sourceTree = "<group>";
		};
/* End PBXVariantGroup section */

/* Begin XCBuildConfiguration section */
		5035DB7A260286B70033AFCF /* Debug */ = {
			isa = XCBuildConfiguration;
			baseConfigurationReference = 5035DC3D2606343C0033AFCF /* Development.xcconfig */;
			buildSettings = {
				ALWAYS_SEARCH_USER_PATHS = NO;
				CLANG_ANALYZER_NONNULL = YES;
				CLANG_ANALYZER_NUMBER_OBJECT_CONVERSION = YES_AGGRESSIVE;
				CLANG_CXX_LANGUAGE_STANDARD = "gnu++14";
				CLANG_CXX_LIBRARY = "libc++";
				CLANG_ENABLE_MODULES = YES;
				CLANG_ENABLE_OBJC_ARC = YES;
				CLANG_ENABLE_OBJC_WEAK = YES;
				CLANG_WARN_BLOCK_CAPTURE_AUTORELEASING = YES;
				CLANG_WARN_BOOL_CONVERSION = YES;
				CLANG_WARN_COMMA = YES;
				CLANG_WARN_CONSTANT_CONVERSION = YES;
				CLANG_WARN_DEPRECATED_OBJC_IMPLEMENTATIONS = YES;
				CLANG_WARN_DIRECT_OBJC_ISA_USAGE = YES_ERROR;
				CLANG_WARN_DOCUMENTATION_COMMENTS = YES;
				CLANG_WARN_EMPTY_BODY = YES;
				CLANG_WARN_ENUM_CONVERSION = YES;
				CLANG_WARN_INFINITE_RECURSION = YES;
				CLANG_WARN_INT_CONVERSION = YES;
				CLANG_WARN_NON_LITERAL_NULL_CONVERSION = YES;
				CLANG_WARN_OBJC_IMPLICIT_RETAIN_SELF = YES;
				CLANG_WARN_OBJC_LITERAL_CONVERSION = YES;
				CLANG_WARN_OBJC_ROOT_CLASS = YES_ERROR;
				CLANG_WARN_QUOTED_INCLUDE_IN_FRAMEWORK_HEADER = YES;
				CLANG_WARN_RANGE_LOOP_ANALYSIS = YES;
				CLANG_WARN_STRICT_PROTOTYPES = YES;
				CLANG_WARN_SUSPICIOUS_MOVE = YES;
				CLANG_WARN_UNGUARDED_AVAILABILITY = YES_AGGRESSIVE;
				CLANG_WARN_UNREACHABLE_CODE = YES;
				CLANG_WARN__DUPLICATE_METHOD_MATCH = YES;
				COPY_PHASE_STRIP = NO;
				DEBUG_INFORMATION_FORMAT = dwarf;
				ENABLE_STRICT_OBJC_MSGSEND = YES;
				ENABLE_TESTABILITY = YES;
				GCC_C_LANGUAGE_STANDARD = gnu11;
				GCC_DYNAMIC_NO_PIC = NO;
				GCC_NO_COMMON_BLOCKS = YES;
				GCC_OPTIMIZATION_LEVEL = 0;
				GCC_PREPROCESSOR_DEFINITIONS = (
					"DEBUG=1",
					"$(inherited)",
				);
				GCC_WARN_64_TO_32_BIT_CONVERSION = YES;
				GCC_WARN_ABOUT_RETURN_TYPE = YES_ERROR;
				GCC_WARN_UNDECLARED_SELECTOR = YES;
				GCC_WARN_UNINITIALIZED_AUTOS = YES_AGGRESSIVE;
				GCC_WARN_UNUSED_FUNCTION = YES;
				GCC_WARN_UNUSED_VARIABLE = YES;
				IPHONEOS_DEPLOYMENT_TARGET = 11.0;
				MTL_ENABLE_DEBUG_INFO = INCLUDE_SOURCE;
				MTL_FAST_MATH = YES;
				ONLY_ACTIVE_ARCH = YES;
				SDKROOT = iphoneos;
				SWIFT_ACTIVE_COMPILATION_CONDITIONS = DEBUG;
				SWIFT_OPTIMIZATION_LEVEL = "-Onone";
			};
			name = Debug;
		};
		5035DB7B260286B70033AFCF /* Release */ = {
			isa = XCBuildConfiguration;
			baseConfigurationReference = 5035DC45260634DE0033AFCF /* Production.xcconfig */;
			buildSettings = {
				ALWAYS_SEARCH_USER_PATHS = NO;
				CLANG_ANALYZER_NONNULL = YES;
				CLANG_ANALYZER_NUMBER_OBJECT_CONVERSION = YES_AGGRESSIVE;
				CLANG_CXX_LANGUAGE_STANDARD = "gnu++14";
				CLANG_CXX_LIBRARY = "libc++";
				CLANG_ENABLE_MODULES = YES;
				CLANG_ENABLE_OBJC_ARC = YES;
				CLANG_ENABLE_OBJC_WEAK = YES;
				CLANG_WARN_BLOCK_CAPTURE_AUTORELEASING = YES;
				CLANG_WARN_BOOL_CONVERSION = YES;
				CLANG_WARN_COMMA = YES;
				CLANG_WARN_CONSTANT_CONVERSION = YES;
				CLANG_WARN_DEPRECATED_OBJC_IMPLEMENTATIONS = YES;
				CLANG_WARN_DIRECT_OBJC_ISA_USAGE = YES_ERROR;
				CLANG_WARN_DOCUMENTATION_COMMENTS = YES;
				CLANG_WARN_EMPTY_BODY = YES;
				CLANG_WARN_ENUM_CONVERSION = YES;
				CLANG_WARN_INFINITE_RECURSION = YES;
				CLANG_WARN_INT_CONVERSION = YES;
				CLANG_WARN_NON_LITERAL_NULL_CONVERSION = YES;
				CLANG_WARN_OBJC_IMPLICIT_RETAIN_SELF = YES;
				CLANG_WARN_OBJC_LITERAL_CONVERSION = YES;
				CLANG_WARN_OBJC_ROOT_CLASS = YES_ERROR;
				CLANG_WARN_QUOTED_INCLUDE_IN_FRAMEWORK_HEADER = YES;
				CLANG_WARN_RANGE_LOOP_ANALYSIS = YES;
				CLANG_WARN_STRICT_PROTOTYPES = YES;
				CLANG_WARN_SUSPICIOUS_MOVE = YES;
				CLANG_WARN_UNGUARDED_AVAILABILITY = YES_AGGRESSIVE;
				CLANG_WARN_UNREACHABLE_CODE = YES;
				CLANG_WARN__DUPLICATE_METHOD_MATCH = YES;
				COPY_PHASE_STRIP = NO;
				DEBUG_INFORMATION_FORMAT = "dwarf-with-dsym";
				ENABLE_NS_ASSERTIONS = NO;
				ENABLE_STRICT_OBJC_MSGSEND = YES;
				GCC_C_LANGUAGE_STANDARD = gnu11;
				GCC_NO_COMMON_BLOCKS = YES;
				GCC_WARN_64_TO_32_BIT_CONVERSION = YES;
				GCC_WARN_ABOUT_RETURN_TYPE = YES_ERROR;
				GCC_WARN_UNDECLARED_SELECTOR = YES;
				GCC_WARN_UNINITIALIZED_AUTOS = YES_AGGRESSIVE;
				GCC_WARN_UNUSED_FUNCTION = YES;
				GCC_WARN_UNUSED_VARIABLE = YES;
				IPHONEOS_DEPLOYMENT_TARGET = 11.0;
				MTL_ENABLE_DEBUG_INFO = NO;
				MTL_FAST_MATH = YES;
				SDKROOT = iphoneos;
				SWIFT_COMPILATION_MODE = wholemodule;
				SWIFT_OPTIMIZATION_LEVEL = "-O";
				VALIDATE_PRODUCT = YES;
			};
			name = Release;
		};
		5035DB7D260286B70033AFCF /* Debug */ = {
			isa = XCBuildConfiguration;
			buildSettings = {
				ASSETCATALOG_COMPILER_APPICON_NAME = AppIcon;
				ASSETCATALOG_COMPILER_GLOBAL_ACCENT_COLOR_NAME = AccentColor;
				CODE_SIGN_ENTITLEMENTS = GameMetrics/GameMetrics.entitlements;
				CODE_SIGN_STYLE = Automatic;
				DEVELOPMENT_TEAM = 64YFRHU84T;
				INFOPLIST_FILE = GameMetrics/Info.plist;
				LD_RUNPATH_SEARCH_PATHS = (
					"$(inherited)",
					"@executable_path/Frameworks",
				);
				PRODUCT_BUNDLE_IDENTIFIER = com.GameMetrics;
				PRODUCT_NAME = "$(TARGET_NAME)";
				SWIFT_VERSION = 5.0;
				TARGETED_DEVICE_FAMILY = "1,2";
			};
			name = Debug;
		};
		5035DB7E260286B70033AFCF /* Release */ = {
			isa = XCBuildConfiguration;
			buildSettings = {
				ASSETCATALOG_COMPILER_APPICON_NAME = AppIcon;
				ASSETCATALOG_COMPILER_GLOBAL_ACCENT_COLOR_NAME = AccentColor;
				CODE_SIGN_ENTITLEMENTS = GameMetrics/GameMetrics.entitlements;
				CODE_SIGN_STYLE = Automatic;
				DEVELOPMENT_TEAM = 64YFRHU84T;
				INFOPLIST_FILE = GameMetrics/Info.plist;
				LD_RUNPATH_SEARCH_PATHS = (
					"$(inherited)",
					"@executable_path/Frameworks",
				);
				PRODUCT_BUNDLE_IDENTIFIER = com.GameMetrics;
				PRODUCT_NAME = "$(TARGET_NAME)";
				SWIFT_VERSION = 5.0;
				TARGETED_DEVICE_FAMILY = "1,2";
			};
			name = Release;
		};
		5035DB80260286B70033AFCF /* Debug */ = {
			isa = XCBuildConfiguration;
			buildSettings = {
				ALWAYS_EMBED_SWIFT_STANDARD_LIBRARIES = YES;
				BUNDLE_LOADER = "$(TEST_HOST)";
				CODE_SIGN_STYLE = Automatic;
				DEVELOPMENT_TEAM = 64YFRHU84T;
				INFOPLIST_FILE = GameMetricsTests/Info.plist;
				IPHONEOS_DEPLOYMENT_TARGET = 14.4;
				LD_RUNPATH_SEARCH_PATHS = (
					"$(inherited)",
					"@executable_path/Frameworks",
					"@loader_path/Frameworks",
				);
				PRODUCT_BUNDLE_IDENTIFIER = com.GameMetricsTests;
				PRODUCT_NAME = "$(TARGET_NAME)";
				SWIFT_VERSION = 5.0;
				TARGETED_DEVICE_FAMILY = "1,2";
				TEST_HOST = "$(BUILT_PRODUCTS_DIR)/GameMetrics.app/GameMetrics";
			};
			name = Debug;
		};
		5035DB81260286B70033AFCF /* Release */ = {
			isa = XCBuildConfiguration;
			buildSettings = {
				ALWAYS_EMBED_SWIFT_STANDARD_LIBRARIES = YES;
				BUNDLE_LOADER = "$(TEST_HOST)";
				CODE_SIGN_STYLE = Automatic;
				DEVELOPMENT_TEAM = 64YFRHU84T;
				INFOPLIST_FILE = GameMetricsTests/Info.plist;
				IPHONEOS_DEPLOYMENT_TARGET = 14.4;
				LD_RUNPATH_SEARCH_PATHS = (
					"$(inherited)",
					"@executable_path/Frameworks",
					"@loader_path/Frameworks",
				);
				PRODUCT_BUNDLE_IDENTIFIER = com.GameMetricsTests;
				PRODUCT_NAME = "$(TARGET_NAME)";
				SWIFT_VERSION = 5.0;
				TARGETED_DEVICE_FAMILY = "1,2";
				TEST_HOST = "$(BUILT_PRODUCTS_DIR)/GameMetrics.app/GameMetrics";
			};
			name = Release;
		};
		5035DB83260286B70033AFCF /* Debug */ = {
			isa = XCBuildConfiguration;
			buildSettings = {
				ALWAYS_EMBED_SWIFT_STANDARD_LIBRARIES = YES;
				CODE_SIGN_STYLE = Automatic;
				DEVELOPMENT_TEAM = 64YFRHU84T;
				INFOPLIST_FILE = GameMetricsUITests/Info.plist;
				LD_RUNPATH_SEARCH_PATHS = (
					"$(inherited)",
					"@executable_path/Frameworks",
					"@loader_path/Frameworks",
				);
				PRODUCT_BUNDLE_IDENTIFIER = com.GameMetricsUITests;
				PRODUCT_NAME = "$(TARGET_NAME)";
				SWIFT_VERSION = 5.0;
				TARGETED_DEVICE_FAMILY = "1,2";
				TEST_TARGET_NAME = GameMetrics;
			};
			name = Debug;
		};
		5035DB84260286B70033AFCF /* Release */ = {
			isa = XCBuildConfiguration;
			buildSettings = {
				ALWAYS_EMBED_SWIFT_STANDARD_LIBRARIES = YES;
				CODE_SIGN_STYLE = Automatic;
				DEVELOPMENT_TEAM = 64YFRHU84T;
				INFOPLIST_FILE = GameMetricsUITests/Info.plist;
				LD_RUNPATH_SEARCH_PATHS = (
					"$(inherited)",
					"@executable_path/Frameworks",
					"@loader_path/Frameworks",
				);
				PRODUCT_BUNDLE_IDENTIFIER = com.GameMetricsUITests;
				PRODUCT_NAME = "$(TARGET_NAME)";
				SWIFT_VERSION = 5.0;
				TARGETED_DEVICE_FAMILY = "1,2";
				TEST_TARGET_NAME = GameMetrics;
			};
			name = Release;
		};
		5035DC6A260636350033AFCF /* Staging */ = {
			isa = XCBuildConfiguration;
			baseConfigurationReference = 5035DC4E260635050033AFCF /* Staging.xcconfig */;
			buildSettings = {
				ALWAYS_SEARCH_USER_PATHS = NO;
				CLANG_ANALYZER_NONNULL = YES;
				CLANG_ANALYZER_NUMBER_OBJECT_CONVERSION = YES_AGGRESSIVE;
				CLANG_CXX_LANGUAGE_STANDARD = "gnu++14";
				CLANG_CXX_LIBRARY = "libc++";
				CLANG_ENABLE_MODULES = YES;
				CLANG_ENABLE_OBJC_ARC = YES;
				CLANG_ENABLE_OBJC_WEAK = YES;
				CLANG_WARN_BLOCK_CAPTURE_AUTORELEASING = YES;
				CLANG_WARN_BOOL_CONVERSION = YES;
				CLANG_WARN_COMMA = YES;
				CLANG_WARN_CONSTANT_CONVERSION = YES;
				CLANG_WARN_DEPRECATED_OBJC_IMPLEMENTATIONS = YES;
				CLANG_WARN_DIRECT_OBJC_ISA_USAGE = YES_ERROR;
				CLANG_WARN_DOCUMENTATION_COMMENTS = YES;
				CLANG_WARN_EMPTY_BODY = YES;
				CLANG_WARN_ENUM_CONVERSION = YES;
				CLANG_WARN_INFINITE_RECURSION = YES;
				CLANG_WARN_INT_CONVERSION = YES;
				CLANG_WARN_NON_LITERAL_NULL_CONVERSION = YES;
				CLANG_WARN_OBJC_IMPLICIT_RETAIN_SELF = YES;
				CLANG_WARN_OBJC_LITERAL_CONVERSION = YES;
				CLANG_WARN_OBJC_ROOT_CLASS = YES_ERROR;
				CLANG_WARN_QUOTED_INCLUDE_IN_FRAMEWORK_HEADER = YES;
				CLANG_WARN_RANGE_LOOP_ANALYSIS = YES;
				CLANG_WARN_STRICT_PROTOTYPES = YES;
				CLANG_WARN_SUSPICIOUS_MOVE = YES;
				CLANG_WARN_UNGUARDED_AVAILABILITY = YES_AGGRESSIVE;
				CLANG_WARN_UNREACHABLE_CODE = YES;
				CLANG_WARN__DUPLICATE_METHOD_MATCH = YES;
				COPY_PHASE_STRIP = NO;
				DEBUG_INFORMATION_FORMAT = dwarf;
				ENABLE_STRICT_OBJC_MSGSEND = YES;
				ENABLE_TESTABILITY = YES;
				GCC_C_LANGUAGE_STANDARD = gnu11;
				GCC_DYNAMIC_NO_PIC = NO;
				GCC_NO_COMMON_BLOCKS = YES;
				GCC_OPTIMIZATION_LEVEL = 0;
				GCC_PREPROCESSOR_DEFINITIONS = (
					"DEBUG=1",
					"$(inherited)",
				);
				GCC_WARN_64_TO_32_BIT_CONVERSION = YES;
				GCC_WARN_ABOUT_RETURN_TYPE = YES_ERROR;
				GCC_WARN_UNDECLARED_SELECTOR = YES;
				GCC_WARN_UNINITIALIZED_AUTOS = YES_AGGRESSIVE;
				GCC_WARN_UNUSED_FUNCTION = YES;
				GCC_WARN_UNUSED_VARIABLE = YES;
				IPHONEOS_DEPLOYMENT_TARGET = 11.0;
				MTL_ENABLE_DEBUG_INFO = INCLUDE_SOURCE;
				MTL_FAST_MATH = YES;
				ONLY_ACTIVE_ARCH = YES;
				SDKROOT = iphoneos;
				SWIFT_ACTIVE_COMPILATION_CONDITIONS = DEBUG;
				SWIFT_OPTIMIZATION_LEVEL = "-Onone";
			};
			name = Staging;
		};
		5035DC6B260636350033AFCF /* Staging */ = {
			isa = XCBuildConfiguration;
			buildSettings = {
				ASSETCATALOG_COMPILER_APPICON_NAME = AppIcon;
				ASSETCATALOG_COMPILER_GLOBAL_ACCENT_COLOR_NAME = AccentColor;
				CODE_SIGN_ENTITLEMENTS = GameMetrics/GameMetrics.entitlements;
				CODE_SIGN_STYLE = Automatic;
				DEVELOPMENT_TEAM = 64YFRHU84T;
				INFOPLIST_FILE = GameMetrics/Info.plist;
				LD_RUNPATH_SEARCH_PATHS = (
					"$(inherited)",
					"@executable_path/Frameworks",
				);
				PRODUCT_BUNDLE_IDENTIFIER = com.GameMetrics;
				PRODUCT_NAME = "$(TARGET_NAME)";
				SWIFT_VERSION = 5.0;
				TARGETED_DEVICE_FAMILY = "1,2";
			};
			name = Staging;
		};
		5035DC6C260636350033AFCF /* Staging */ = {
			isa = XCBuildConfiguration;
			buildSettings = {
				ALWAYS_EMBED_SWIFT_STANDARD_LIBRARIES = YES;
				BUNDLE_LOADER = "$(TEST_HOST)";
				CODE_SIGN_STYLE = Automatic;
				DEVELOPMENT_TEAM = 64YFRHU84T;
				INFOPLIST_FILE = GameMetricsTests/Info.plist;
				IPHONEOS_DEPLOYMENT_TARGET = 14.4;
				LD_RUNPATH_SEARCH_PATHS = (
					"$(inherited)",
					"@executable_path/Frameworks",
					"@loader_path/Frameworks",
				);
				PRODUCT_BUNDLE_IDENTIFIER = com.GameMetricsTests;
				PRODUCT_NAME = "$(TARGET_NAME)";
				SWIFT_VERSION = 5.0;
				TARGETED_DEVICE_FAMILY = "1,2";
				TEST_HOST = "$(BUILT_PRODUCTS_DIR)/GameMetrics.app/GameMetrics";
			};
			name = Staging;
		};
		5035DC6D260636350033AFCF /* Staging */ = {
			isa = XCBuildConfiguration;
			buildSettings = {
				ALWAYS_EMBED_SWIFT_STANDARD_LIBRARIES = YES;
				CODE_SIGN_STYLE = Automatic;
				DEVELOPMENT_TEAM = 64YFRHU84T;
				INFOPLIST_FILE = GameMetricsUITests/Info.plist;
				LD_RUNPATH_SEARCH_PATHS = (
					"$(inherited)",
					"@executable_path/Frameworks",
					"@loader_path/Frameworks",
				);
				PRODUCT_BUNDLE_IDENTIFIER = com.GameMetricsUITests;
				PRODUCT_NAME = "$(TARGET_NAME)";
				SWIFT_VERSION = 5.0;
				TARGETED_DEVICE_FAMILY = "1,2";
				TEST_TARGET_NAME = GameMetrics;
			};
			name = Staging;
		};
/* End XCBuildConfiguration section */

/* Begin XCConfigurationList section */
		5035DB4D260286B40033AFCF /* Build configuration list for PBXProject "GameMetrics" */ = {
			isa = XCConfigurationList;
			buildConfigurations = (
				5035DB7A260286B70033AFCF /* Debug */,
				5035DC6A260636350033AFCF /* Staging */,
				5035DB7B260286B70033AFCF /* Release */,
			);
			defaultConfigurationIsVisible = 0;
			defaultConfigurationName = Release;
		};
		5035DB7C260286B70033AFCF /* Build configuration list for PBXNativeTarget "GameMetrics" */ = {
			isa = XCConfigurationList;
			buildConfigurations = (
				5035DB7D260286B70033AFCF /* Debug */,
				5035DC6B260636350033AFCF /* Staging */,
				5035DB7E260286B70033AFCF /* Release */,
			);
			defaultConfigurationIsVisible = 0;
			defaultConfigurationName = Release;
		};
		5035DB7F260286B70033AFCF /* Build configuration list for PBXNativeTarget "GameMetricsTests" */ = {
			isa = XCConfigurationList;
			buildConfigurations = (
				5035DB80260286B70033AFCF /* Debug */,
				5035DC6C260636350033AFCF /* Staging */,
				5035DB81260286B70033AFCF /* Release */,
			);
			defaultConfigurationIsVisible = 0;
			defaultConfigurationName = Release;
		};
		5035DB82260286B70033AFCF /* Build configuration list for PBXNativeTarget "GameMetricsUITests" */ = {
			isa = XCConfigurationList;
			buildConfigurations = (
				5035DB83260286B70033AFCF /* Debug */,
				5035DC6D260636350033AFCF /* Staging */,
				5035DB84260286B70033AFCF /* Release */,
			);
			defaultConfigurationIsVisible = 0;
			defaultConfigurationName = Release;
		};
/* End XCConfigurationList section */

/* Begin XCRemoteSwiftPackageReference section */
		5035DC252604F2690033AFCF /* XCRemoteSwiftPackageReference "SENetworking" */ = {
			isa = XCRemoteSwiftPackageReference;
			repositoryURL = "https://github.com/kudoleh/SENetworking";
			requirement = {
				kind = upToNextMajorVersion;
				minimumVersion = 1.0.7;
			};
		};
/* End XCRemoteSwiftPackageReference section */

/* Begin XCSwiftPackageProductDependency section */
		5035DC262604F2690033AFCF /* SENetworking */ = {
			isa = XCSwiftPackageProductDependency;
			package = 5035DC252604F2690033AFCF /* XCRemoteSwiftPackageReference "SENetworking" */;
			productName = SENetworking;
		};
/* End XCSwiftPackageProductDependency section */
	};
	rootObject = 5035DB4A260286B40033AFCF /* Project object */;
}
